
Microsoft Visual Studio Solution File, Format Version 12.00
# Visual Studio Version 16
VisualStudioVersion = 16.0.30011.22
MinimumVisualStudioVersion = 10.0.40219.1
Project("{FAE04EC0-301F-11D3-BF4B-00C04F79EFBC}") = "StudentModule", "StudentModule\StudentModule.csproj", "{A66CFABE-233B-4DBC-8F49-150D1BA018D2}"
EndProject
Project("{FAE04EC0-301F-11D3-BF4B-00C04F79EFBC}") = "TeacherModule", "TeacherModule\TeacherModule.csproj", "{88871C0E-E5E8-4063-9267-22A7B0F5DDE7}"
EndProject
Project("{FAE04EC0-301F-11D3-BF4B-00C04F79EFBC}") = "ManagerModule", "ManagerModule\ManagerModule.csproj", "{1D5DB18E-9CC8-4BDF-AF40-9EBA638556F2}"
EndProject
Project("{FAE04EC0-301F-11D3-BF4B-00C04F79EFBC}") = "ModelsLibrary", "ModelsLibrary\ModelsLibrary.csproj", "{ADFC0814-6B91-4D24-8E0F-777B0ACFF24B}"
EndProject
Project("{FAE04EC0-301F-11D3-BF4B-00C04F79EFBC}") = "ServerModule", "ServerModule\ServerModule.csproj", "{A5AD0EF5-FAB7-4E99-AFF0-6264539B2D3A}"
EndProject
Global
	GlobalSection(SolutionConfigurationPlatforms) = preSolution
		Debug|Any CPU = Debug|Any CPU
		Release|Any CPU = Release|Any CPU
	EndGlobalSection
	GlobalSection(ProjectConfigurationPlatforms) = postSolution
		{A66CFABE-233B-4DBC-8F49-150D1BA018D2}.Debug|Any CPU.ActiveCfg = Debug|Any CPU
		{A66CFABE-233B-4DBC-8F49-150D1BA018D2}.Debug|Any CPU.Build.0 = Debug|Any CPU
		{A66CFABE-233B-4DBC-8F49-150D1BA018D2}.Release|Any CPU.ActiveCfg = Release|Any CPU
		{A66CFABE-233B-4DBC-8F49-150D1BA018D2}.Release|Any CPU.Build.0 = Release|Any CPU
		{88871C0E-E5E8-4063-9267-22A7B0F5DDE7}.Debug|Any CPU.ActiveCfg = Debug|Any CPU
		{88871C0E-E5E8-4063-9267-22A7B0F5DDE7}.Debug|Any CPU.Build.0 = Debug|Any CPU
		{88871C0E-E5E8-4063-9267-22A7B0F5DDE7}.Release|Any CPU.ActiveCfg = Release|Any CPU
		{88871C0E-E5E8-4063-9267-22A7B0F5DDE7}.Release|Any CPU.Build.0 = Release|Any CPU
		{1D5DB18E-9CC8-4BDF-AF40-9EBA638556F2}.Debug|Any CPU.ActiveCfg = Debug|Any CPU
		{1D5DB18E-9CC8-4BDF-AF40-9EBA638556F2}.Debug|Any CPU.Build.0 = Debug|Any CPU
		{1D5DB18E-9CC8-4BDF-AF40-9EBA638556F2}.Release|Any CPU.ActiveCfg = Release|Any CPU
		{1D5DB18E-9CC8-4BDF-AF40-9EBA638556F2}.Release|Any CPU.Build.0 = Release|Any CPU
		{ADFC0814-6B91-4D24-8E0F-777B0ACFF24B}.Debug|Any CPU.ActiveCfg = Debug|Any CPU
		{ADFC0814-6B91-4D24-8E0F-777B0ACFF24B}.Debug|Any CPU.Build.0 = Debug|Any CPU
		{ADFC0814-6B91-4D24-8E0F-777B0ACFF24B}.Release|Any CPU.ActiveCfg = Release|Any CPU
		{ADFC0814-6B91-4D24-8E0F-777B0ACFF24B}.Release|Any CPU.Build.0 = Release|Any CPU
		{A5AD0EF5-FAB7-4E99-AFF0-6264539B2D3A}.Debug|Any CPU.ActiveCfg = Debug|Any CPU
		{A5AD0EF5-FAB7-4E99-AFF0-6264539B2D3A}.Debug|Any CPU.Build.0 = Debug|Any CPU
		{A5AD0EF5-FAB7-4E99-AFF0-6264539B2D3A}.Release|Any CPU.ActiveCfg = Release|Any CPU
		{A5AD0EF5-FAB7-4E99-AFF0-6264539B2D3A}.Release|Any CPU.Build.0 = Release|Any CPU
	EndGlobalSection
	GlobalSection(SolutionProperties) = preSolution
		HideSolutionNode = FALSE
	EndGlobalSection
	GlobalSection(ExtensibilityGlobals) = postSolution
		SolutionGuid = {7B6C4641-FB84-4ADD-BFAB-EF88B129B840}
	EndGlobalSection
EndGlobal
